// !$*UTF8*$!
{
	archiveVersion = 1;
	classes = {
	};
	objectVersion = 46;
	objects = {

/* Begin PBXBuildFile section */
		DA0B10C01B7BA1D80015749E /* WODDatabase.m in Sources */ = {isa = PBXBuildFile; fileRef = DA0B10BF1B7BA1D80015749E /* WODDatabase.m */; };
		DA0B10C31B7BA22D0015749E /* WODModel.m in Sources */ = {isa = PBXBuildFile; fileRef = DA0B10C21B7BA22D0015749E /* WODModel.m */; };
		DAA2053B1B7E3042001F0876 /* WODCustomCell.m in Sources */ = {isa = PBXBuildFile; fileRef = DAA2053A1B7E3042001F0876 /* WODCustomCell.m */; };
		DAA205481B7E32AE001F0876 /* WODAppDelegate.m in Sources */ = {isa = PBXBuildFile; fileRef = DAA205451B7E32AE001F0876 /* WODAppDelegate.m */; };
		DAA205491B7E32AE001F0876 /* WODCustomIOS7AlertView.m in Sources */ = {isa = PBXBuildFile; fileRef = DAA205471B7E32AE001F0876 /* WODCustomIOS7AlertView.m */; };
		DAA2054D1B7E3309001F0876 /* WODTableViewController.m in Sources */ = {isa = PBXBuildFile; fileRef = DAA2054C1B7E3309001F0876 /* WODTableViewController.m */; };
		DAA205601B834D9E001F0876 /* природа 0.jpeg in Resources */ = {isa = PBXBuildFile; fileRef = DAA205561B834D9E001F0876 /* природа 0.jpeg */; };
		DAA205611B834D9E001F0876 /* природа 1.jpeg in Resources */ = {isa = PBXBuildFile; fileRef = DAA205571B834D9E001F0876 /* природа 1.jpeg */; };
		DAA205621B834D9E001F0876 /* природа 2.jpeg in Resources */ = {isa = PBXBuildFile; fileRef = DAA205581B834D9E001F0876 /* природа 2.jpeg */; };
		DAA205631B834D9E001F0876 /* природа 3.jpeg in Resources */ = {isa = PBXBuildFile; fileRef = DAA205591B834D9E001F0876 /* природа 3.jpeg */; };
		DAA205641B834D9E001F0876 /* природа 4.jpeg in Resources */ = {isa = PBXBuildFile; fileRef = DAA2055A1B834D9E001F0876 /* природа 4.jpeg */; };
		DAA205651B834D9E001F0876 /* природа 5.jpeg in Resources */ = {isa = PBXBuildFile; fileRef = DAA2055B1B834D9E001F0876 /* природа 5.jpeg */; };
		DAA205661B834D9E001F0876 /* природа 6.jpeg in Resources */ = {isa = PBXBuildFile; fileRef = DAA2055C1B834D9E001F0876 /* природа 6.jpeg */; };
		DAA205671B834D9E001F0876 /* природа 7.jpeg in Resources */ = {isa = PBXBuildFile; fileRef = DAA2055D1B834D9E001F0876 /* природа 7.jpeg */; };
		DAA205681B834D9E001F0876 /* природа 8.jpeg in Resources */ = {isa = PBXBuildFile; fileRef = DAA2055E1B834D9E001F0876 /* природа 8.jpeg */; };
		DAA205691B834D9E001F0876 /* природа 9.jpeg in Resources */ = {isa = PBXBuildFile; fileRef = DAA2055F1B834D9E001F0876 /* природа 9.jpeg */; };
		DAA2057B1B85E9A2001F0876 /* WODPicturesCollectionViewController.m in Sources */ = {isa = PBXBuildFile; fileRef = DAA2057A1B85E9A2001F0876 /* WODPicturesCollectionViewController.m */; };
		DAA2057E1B85FD09001F0876 /* WODCustomCollectionViewCell.m in Sources */ = {isa = PBXBuildFile; fileRef = DAA2057D1B85FD09001F0876 /* WODCustomCollectionViewCell.m */; };
		DAA205801B862BA6001F0876 /* WODCustomCollectionCell.xib in Resources */ = {isa = PBXBuildFile; fileRef = DAA2057F1B862BA6001F0876 /* WODCustomCollectionCell.xib */; };
		DADE4AD31B8B229C00014412 /* WODMainViewController.m in Sources */ = {isa = PBXBuildFile; fileRef = DADE4AD21B8B229C00014412 /* WODMainViewController.m */; };
		DAF537731B6CD60C00AE1857 /* main.m in Sources */ = {isa = PBXBuildFile; fileRef = DAF537721B6CD60C00AE1857 /* main.m */; };
		DAF5377C1B6CD60C00AE1857 /* Main.storyboard in Resources */ = {isa = PBXBuildFile; fileRef = DAF5377A1B6CD60C00AE1857 /* Main.storyboard */; };
		DAF5377E1B6CD60C00AE1857 /* Images.xcassets in Resources */ = {isa = PBXBuildFile; fileRef = DAF5377D1B6CD60C00AE1857 /* Images.xcassets */; };
		DAF537811B6CD60C00AE1857 /* LaunchScreen.xib in Resources */ = {isa = PBXBuildFile; fileRef = DAF5377F1B6CD60C00AE1857 /* LaunchScreen.xib */; };
		DAF5378D1B6CD60C00AE1857 /* YalantisFirstTaskTests.m in Sources */ = {isa = PBXBuildFile; fileRef = DAF5378C1B6CD60C00AE1857 /* YalantisFirstTaskTests.m */; };
		DAF537B21B6D6BF100AE1857 /* WODCustomCell.xib in Resources */ = {isa = PBXBuildFile; fileRef = DAF537B01B6D6BF100AE1857 /* WODCustomCell.xib */; };
/* End PBXBuildFile section */

/* Begin PBXContainerItemProxy section */
		DAF537871B6CD60C00AE1857 /* PBXContainerItemProxy */ = {
			isa = PBXContainerItemProxy;
			containerPortal = DAF537651B6CD60C00AE1857 /* Project object */;
			proxyType = 1;
			remoteGlobalIDString = DAF5376C1B6CD60C00AE1857;
			remoteInfo = YalantisFirstTask;
		};
/* End PBXContainerItemProxy section */

/* Begin PBXFileReference section */
		DA0B10BE1B7BA1D80015749E /* WODDatabase.h */ = {isa = PBXFileReference; fileEncoding = 4; lastKnownFileType = sourcecode.c.h; name = WODDatabase.h; path = ../Model/WODDatabase.h; sourceTree = "<group>"; };
		DA0B10BF1B7BA1D80015749E /* WODDatabase.m */ = {isa = PBXFileReference; fileEncoding = 4; lastKnownFileType = sourcecode.c.objc; name = WODDatabase.m; path = ../Model/WODDatabase.m; sourceTree = "<group>"; };
		DA0B10C11B7BA22D0015749E /* WODModel.h */ = {isa = PBXFileReference; fileEncoding = 4; lastKnownFileType = sourcecode.c.h; name = WODModel.h; path = ../Model/WODModel.h; sourceTree = "<group>"; };
		DA0B10C21B7BA22D0015749E /* WODModel.m */ = {isa = PBXFileReference; fileEncoding = 4; lastKnownFileType = sourcecode.c.objc; name = WODModel.m; path = ../Model/WODModel.m; sourceTree = "<group>"; };
		DAA205391B7E3042001F0876 /* WODCustomCell.h */ = {isa = PBXFileReference; fileEncoding = 4; lastKnownFileType = sourcecode.c.h; name = WODCustomCell.h; path = ../../View/Cells/WODCustomCell.h; sourceTree = "<group>"; };
		DAA2053A1B7E3042001F0876 /* WODCustomCell.m */ = {isa = PBXFileReference; fileEncoding = 4; lastKnownFileType = sourcecode.c.objc; name = WODCustomCell.m; path = ../../View/Cells/WODCustomCell.m; sourceTree = "<group>"; };
		DAA205441B7E32AE001F0876 /* WODAppDelegate.h */ = {isa = PBXFileReference; fileEncoding = 4; lastKnownFileType = sourcecode.c.h; path = WODAppDelegate.h; sourceTree = "<group>"; };
		DAA205451B7E32AE001F0876 /* WODAppDelegate.m */ = {isa = PBXFileReference; fileEncoding = 4; lastKnownFileType = sourcecode.c.objc; path = WODAppDelegate.m; sourceTree = "<group>"; };
		DAA205461B7E32AE001F0876 /* WODCustomIOS7AlertView.h */ = {isa = PBXFileReference; fileEncoding = 4; lastKnownFileType = sourcecode.c.h; path = WODCustomIOS7AlertView.h; sourceTree = "<group>"; };
		DAA205471B7E32AE001F0876 /* WODCustomIOS7AlertView.m */ = {isa = PBXFileReference; fileEncoding = 4; lastKnownFileType = sourcecode.c.objc; path = WODCustomIOS7AlertView.m; sourceTree = "<group>"; };
		DAA2054B1B7E3309001F0876 /* WODTableViewController.h */ = {isa = PBXFileReference; fileEncoding = 4; lastKnownFileType = sourcecode.c.h; path = WODTableViewController.h; sourceTree = "<group>"; };
		DAA2054C1B7E3309001F0876 /* WODTableViewController.m */ = {isa = PBXFileReference; fileEncoding = 4; lastKnownFileType = sourcecode.c.objc; path = WODTableViewController.m; sourceTree = "<group>"; };
		DAA205561B834D9E001F0876 /* природа 0.jpeg */ = {isa = PBXFileReference; lastKnownFileType = image.jpeg; path = "природа 0.jpeg"; sourceTree = "<group>"; };
		DAA205571B834D9E001F0876 /* природа 1.jpeg */ = {isa = PBXFileReference; lastKnownFileType = image.jpeg; path = "природа 1.jpeg"; sourceTree = "<group>"; };
		DAA205581B834D9E001F0876 /* природа 2.jpeg */ = {isa = PBXFileReference; lastKnownFileType = image.jpeg; path = "природа 2.jpeg"; sourceTree = "<group>"; };
		DAA205591B834D9E001F0876 /* природа 3.jpeg */ = {isa = PBXFileReference; lastKnownFileType = image.jpeg; path = "природа 3.jpeg"; sourceTree = "<group>"; };
		DAA2055A1B834D9E001F0876 /* природа 4.jpeg */ = {isa = PBXFileReference; lastKnownFileType = image.jpeg; path = "природа 4.jpeg"; sourceTree = "<group>"; };
		DAA2055B1B834D9E001F0876 /* природа 5.jpeg */ = {isa = PBXFileReference; lastKnownFileType = image.jpeg; path = "природа 5.jpeg"; sourceTree = "<group>"; };
		DAA2055C1B834D9E001F0876 /* природа 6.jpeg */ = {isa = PBXFileReference; lastKnownFileType = image.jpeg; path = "природа 6.jpeg"; sourceTree = "<group>"; };
		DAA2055D1B834D9E001F0876 /* природа 7.jpeg */ = {isa = PBXFileReference; lastKnownFileType = image.jpeg; path = "природа 7.jpeg"; sourceTree = "<group>"; };
		DAA2055E1B834D9E001F0876 /* природа 8.jpeg */ = {isa = PBXFileReference; lastKnownFileType = image.jpeg; path = "природа 8.jpeg"; sourceTree = "<group>"; };
		DAA2055F1B834D9E001F0876 /* природа 9.jpeg */ = {isa = PBXFileReference; lastKnownFileType = image.jpeg; path = "природа 9.jpeg"; sourceTree = "<group>"; };
		DAA205791B85E9A2001F0876 /* WODPicturesCollectionViewController.h */ = {isa = PBXFileReference; fileEncoding = 4; lastKnownFileType = sourcecode.c.h; path = WODPicturesCollectionViewController.h; sourceTree = "<group>"; };
		DAA2057A1B85E9A2001F0876 /* WODPicturesCollectionViewController.m */ = {isa = PBXFileReference; fileEncoding = 4; lastKnownFileType = sourcecode.c.objc; path = WODPicturesCollectionViewController.m; sourceTree = "<group>"; };
		DAA2057C1B85FD09001F0876 /* WODCustomCollectionViewCell.h */ = {isa = PBXFileReference; fileEncoding = 4; lastKnownFileType = sourcecode.c.h; path = WODCustomCollectionViewCell.h; sourceTree = "<group>"; };
		DAA2057D1B85FD09001F0876 /* WODCustomCollectionViewCell.m */ = {isa = PBXFileReference; fileEncoding = 4; lastKnownFileType = sourcecode.c.objc; path = WODCustomCollectionViewCell.m; sourceTree = "<group>"; };
		DAA2057F1B862BA6001F0876 /* WODCustomCollectionCell.xib */ = {isa = PBXFileReference; fileEncoding = 4; lastKnownFileType = file.xib; path = WODCustomCollectionCell.xib; sourceTree = "<group>"; };
		DADE4AD11B8B229C00014412 /* WODMainViewController.h */ = {isa = PBXFileReference; fileEncoding = 4; lastKnownFileType = sourcecode.c.h; path = WODMainViewController.h; sourceTree = "<group>"; };
		DADE4AD21B8B229C00014412 /* WODMainViewController.m */ = {isa = PBXFileReference; fileEncoding = 4; lastKnownFileType = sourcecode.c.objc; path = WODMainViewController.m; sourceTree = "<group>"; };
		DAF5376D1B6CD60C00AE1857 /* YalantisFirstTask.app */ = {isa = PBXFileReference; explicitFileType = wrapper.application; includeInIndex = 0; path = YalantisFirstTask.app; sourceTree = BUILT_PRODUCTS_DIR; };
		DAF537711B6CD60C00AE1857 /* Info.plist */ = {isa = PBXFileReference; lastKnownFileType = text.plist.xml; path = Info.plist; sourceTree = "<group>"; };
		DAF537721B6CD60C00AE1857 /* main.m */ = {isa = PBXFileReference; lastKnownFileType = sourcecode.c.objc; path = main.m; sourceTree = "<group>"; };
		DAF5377B1B6CD60C00AE1857 /* Base */ = {isa = PBXFileReference; lastKnownFileType = file.storyboard; name = Base; path = Base.lproj/Main.storyboard; sourceTree = "<group>"; };
		DAF5377D1B6CD60C00AE1857 /* Images.xcassets */ = {isa = PBXFileReference; lastKnownFileType = folder.assetcatalog; name = Images.xcassets; path = ../Images.xcassets; sourceTree = "<group>"; };
		DAF537801B6CD60C00AE1857 /* Base */ = {isa = PBXFileReference; lastKnownFileType = file.xib; name = Base; path = Base.lproj/LaunchScreen.xib; sourceTree = "<group>"; };
		DAF537861B6CD60C00AE1857 /* YalantisFirstTaskTests.xctest */ = {isa = PBXFileReference; explicitFileType = wrapper.cfbundle; includeInIndex = 0; path = YalantisFirstTaskTests.xctest; sourceTree = BUILT_PRODUCTS_DIR; };
		DAF5378B1B6CD60C00AE1857 /* Info.plist */ = {isa = PBXFileReference; lastKnownFileType = text.plist.xml; path = Info.plist; sourceTree = "<group>"; };
		DAF5378C1B6CD60C00AE1857 /* YalantisFirstTaskTests.m */ = {isa = PBXFileReference; lastKnownFileType = sourcecode.c.objc; path = YalantisFirstTaskTests.m; sourceTree = "<group>"; };
		DAF537B01B6D6BF100AE1857 /* WODCustomCell.xib */ = {isa = PBXFileReference; fileEncoding = 4; lastKnownFileType = file.xib; name = WODCustomCell.xib; path = ../View/WODCustomCell.xib; sourceTree = "<group>"; };
/* End PBXFileReference section */

/* Begin PBXFrameworksBuildPhase section */
		DAF5376A1B6CD60C00AE1857 /* Frameworks */ = {
			isa = PBXFrameworksBuildPhase;
			buildActionMask = 2147483647;
			files = (
			);
			runOnlyForDeploymentPostprocessing = 0;
		};
		DAF537831B6CD60C00AE1857 /* Frameworks */ = {
			isa = PBXFrameworksBuildPhase;
			buildActionMask = 2147483647;
			files = (
			);
			runOnlyForDeploymentPostprocessing = 0;
		};
/* End PBXFrameworksBuildPhase section */

/* Begin PBXGroup section */
		DA0B10BD1B7BA1D80015749E /* Model */ = {
			isa = PBXGroup;
			children = (
				DA0B10BE1B7BA1D80015749E /* WODDatabase.h */,
				DA0B10BF1B7BA1D80015749E /* WODDatabase.m */,
				DA0B10C11B7BA22D0015749E /* WODModel.h */,
				DA0B10C21B7BA22D0015749E /* WODModel.m */,
			);
			path = Model;
			sourceTree = "<group>";
		};
		DAA205341B7E2FA7001F0876 /* View */ = {
			isa = PBXGroup;
			children = (
				DAA205381B7E3042001F0876 /* Cells */,
				DAF537B01B6D6BF100AE1857 /* WODCustomCell.xib */,
				DAA2057F1B862BA6001F0876 /* WODCustomCollectionCell.xib */,
				DAF5377A1B6CD60C00AE1857 /* Main.storyboard */,
				DAF5377D1B6CD60C00AE1857 /* Images.xcassets */,
				DAF5377F1B6CD60C00AE1857 /* LaunchScreen.xib */,
			);
			path = View;
			sourceTree = "<group>";
		};
		DAA205381B7E3042001F0876 /* Cells */ = {
			isa = PBXGroup;
			children = (
				DAA205391B7E3042001F0876 /* WODCustomCell.h */,
				DAA2053A1B7E3042001F0876 /* WODCustomCell.m */,
				DAA2057C1B85FD09001F0876 /* WODCustomCollectionViewCell.h */,
				DAA2057D1B85FD09001F0876 /* WODCustomCollectionViewCell.m */,
			);
			path = Cells;
			sourceTree = "<group>";
		};
		DAA205431B7E32AE001F0876 /* Controllers */ = {
			isa = PBXGroup;
			children = (
				DAA205441B7E32AE001F0876 /* WODAppDelegate.h */,
				DAA205451B7E32AE001F0876 /* WODAppDelegate.m */,
				DAA205461B7E32AE001F0876 /* WODCustomIOS7AlertView.h */,
				DAA205471B7E32AE001F0876 /* WODCustomIOS7AlertView.m */,
			);
			path = Controllers;
			sourceTree = "<group>";
		};
		DAA2054A1B7E3309001F0876 /* UiViewControllers */ = {
			isa = PBXGroup;
			children = (
				DAA2054B1B7E3309001F0876 /* WODTableViewController.h */,
				DAA2054C1B7E3309001F0876 /* WODTableViewController.m */,
				DAA205791B85E9A2001F0876 /* WODPicturesCollectionViewController.h */,
				DAA2057A1B85E9A2001F0876 /* WODPicturesCollectionViewController.m */,
				DADE4AD11B8B229C00014412 /* WODMainViewController.h */,
				DADE4AD21B8B229C00014412 /* WODMainViewController.m */,
			);
			path = UiViewControllers;
			sourceTree = "<group>";
		};
		DAA205541B834D9E001F0876 /* Resources */ = {
			isa = PBXGroup;
			children = (
				DAA205551B834D9E001F0876 /* images */,
			);
			path = Resources;
			sourceTree = "<group>";
		};
		DAA205551B834D9E001F0876 /* images */ = {
			isa = PBXGroup;
			children = (
				DAA205561B834D9E001F0876 /* природа 0.jpeg */,
				DAA205571B834D9E001F0876 /* природа 1.jpeg */,
				DAA205581B834D9E001F0876 /* природа 2.jpeg */,
				DAA205591B834D9E001F0876 /* природа 3.jpeg */,
				DAA2055A1B834D9E001F0876 /* природа 4.jpeg */,
				DAA2055B1B834D9E001F0876 /* природа 5.jpeg */,
				DAA2055C1B834D9E001F0876 /* природа 6.jpeg */,
				DAA2055D1B834D9E001F0876 /* природа 7.jpeg */,
				DAA2055E1B834D9E001F0876 /* природа 8.jpeg */,
				DAA2055F1B834D9E001F0876 /* природа 9.jpeg */,
			);
			path = images;
			sourceTree = "<group>";
		};
		DAF537641B6CD60C00AE1857 = {
			isa = PBXGroup;
			children = (
				DAF5376F1B6CD60C00AE1857 /* YalantisFirstTask */,
				DAF537891B6CD60C00AE1857 /* YalantisFirstTaskTests */,
				DAF5376E1B6CD60C00AE1857 /* Products */,
			);
			sourceTree = "<group>";
		};
		DAF5376E1B6CD60C00AE1857 /* Products */ = {
			isa = PBXGroup;
			children = (
				DAF5376D1B6CD60C00AE1857 /* YalantisFirstTask.app */,
				DAF537861B6CD60C00AE1857 /* YalantisFirstTaskTests.xctest */,
			);
			name = Products;
			sourceTree = "<group>";
		};
		DAF5376F1B6CD60C00AE1857 /* YalantisFirstTask */ = {
			isa = PBXGroup;
			children = (
				DAA205541B834D9E001F0876 /* Resources */,
				DAA2054A1B7E3309001F0876 /* UiViewControllers */,
				DAA205431B7E32AE001F0876 /* Controllers */,
				DAA205341B7E2FA7001F0876 /* View */,
				DA0B10BD1B7BA1D80015749E /* Model */,
				DAF537701B6CD60C00AE1857 /* Supporting Files */,
			);
			path = YalantisFirstTask;
			sourceTree = "<group>";
		};
		DAF537701B6CD60C00AE1857 /* Supporting Files */ = {
			isa = PBXGroup;
			children = (
				DAF537711B6CD60C00AE1857 /* Info.plist */,
				DAF537721B6CD60C00AE1857 /* main.m */,
			);
			name = "Supporting Files";
			sourceTree = "<group>";
		};
		DAF537891B6CD60C00AE1857 /* YalantisFirstTaskTests */ = {
			isa = PBXGroup;
			children = (
				DAF5378C1B6CD60C00AE1857 /* YalantisFirstTaskTests.m */,
				DAF5378A1B6CD60C00AE1857 /* Supporting Files */,
			);
			path = YalantisFirstTaskTests;
			sourceTree = "<group>";
		};
		DAF5378A1B6CD60C00AE1857 /* Supporting Files */ = {
			isa = PBXGroup;
			children = (
				DAF5378B1B6CD60C00AE1857 /* Info.plist */,
			);
			name = "Supporting Files";
			sourceTree = "<group>";
		};
/* End PBXGroup section */

/* Begin PBXNativeTarget section */
		DAF5376C1B6CD60C00AE1857 /* YalantisFirstTask */ = {
			isa = PBXNativeTarget;
			buildConfigurationList = DAF537901B6CD60C00AE1857 /* Build configuration list for PBXNativeTarget "YalantisFirstTask" */;
			buildPhases = (
				DAF537691B6CD60C00AE1857 /* Sources */,
				DAF5376A1B6CD60C00AE1857 /* Frameworks */,
				DAF5376B1B6CD60C00AE1857 /* Resources */,
			);
			buildRules = (
			);
			dependencies = (
			);
			name = YalantisFirstTask;
			productName = YalantisFirstTask;
			productReference = DAF5376D1B6CD60C00AE1857 /* YalantisFirstTask.app */;
			productType = "com.apple.product-type.application";
		};
		DAF537851B6CD60C00AE1857 /* YalantisFirstTaskTests */ = {
			isa = PBXNativeTarget;
			buildConfigurationList = DAF537931B6CD60C00AE1857 /* Build configuration list for PBXNativeTarget "YalantisFirstTaskTests" */;
			buildPhases = (
				DAF537821B6CD60C00AE1857 /* Sources */,
				DAF537831B6CD60C00AE1857 /* Frameworks */,
				DAF537841B6CD60C00AE1857 /* Resources */,
			);
			buildRules = (
			);
			dependencies = (
				DAF537881B6CD60C00AE1857 /* PBXTargetDependency */,
			);
			name = YalantisFirstTaskTests;
			productName = YalantisFirstTaskTests;
			productReference = DAF537861B6CD60C00AE1857 /* YalantisFirstTaskTests.xctest */;
			productType = "com.apple.product-type.bundle.unit-test";
		};
/* End PBXNativeTarget section */

/* Begin PBXProject section */
		DAF537651B6CD60C00AE1857 /* Project object */ = {
			isa = PBXProject;
			attributes = {
				LastUpgradeCheck = 0640;
				ORGANIZATIONNAME = Woddi;
				TargetAttributes = {
					DAF5376C1B6CD60C00AE1857 = {
						CreatedOnToolsVersion = 6.4;
					};
					DAF537851B6CD60C00AE1857 = {
						CreatedOnToolsVersion = 6.4;
						TestTargetID = DAF5376C1B6CD60C00AE1857;
					};
				};
			};
			buildConfigurationList = DAF537681B6CD60C00AE1857 /* Build configuration list for PBXProject "YalantisFirstTask" */;
			compatibilityVersion = "Xcode 3.2";
			developmentRegion = English;
			hasScannedForEncodings = 0;
			knownRegions = (
				en,
				Base,
			);
			mainGroup = DAF537641B6CD60C00AE1857;
			productRefGroup = DAF5376E1B6CD60C00AE1857 /* Products */;
			projectDirPath = "";
			projectRoot = "";
			targets = (
				DAF5376C1B6CD60C00AE1857 /* YalantisFirstTask */,
				DAF537851B6CD60C00AE1857 /* YalantisFirstTaskTests */,
			);
		};
/* End PBXProject section */

/* Begin PBXResourcesBuildPhase section */
		DAF5376B1B6CD60C00AE1857 /* Resources */ = {
			isa = PBXResourcesBuildPhase;
			buildActionMask = 2147483647;
			files = (
				DAA205691B834D9E001F0876 /* природа 9.jpeg in Resources */,
				DAA205661B834D9E001F0876 /* природа 6.jpeg in Resources */,
				DAA205651B834D9E001F0876 /* природа 5.jpeg in Resources */,
				DAA205641B834D9E001F0876 /* природа 4.jpeg in Resources */,
				DAA205621B834D9E001F0876 /* природа 2.jpeg in Resources */,
				DAA205611B834D9E001F0876 /* природа 1.jpeg in Resources */,
				DAA205601B834D9E001F0876 /* природа 0.jpeg in Resources */,
				DAA205671B834D9E001F0876 /* природа 7.jpeg in Resources */,
				DAF537B21B6D6BF100AE1857 /* WODCustomCell.xib in Resources */,
				DAF5377C1B6CD60C00AE1857 /* Main.storyboard in Resources */,
				DAF537811B6CD60C00AE1857 /* LaunchScreen.xib in Resources */,
				DAA205801B862BA6001F0876 /* WODCustomCollectionCell.xib in Resources */,
				DAA205631B834D9E001F0876 /* природа 3.jpeg in Resources */,
				DAF5377E1B6CD60C00AE1857 /* Images.xcassets in Resources */,
				DAA205681B834D9E001F0876 /* природа 8.jpeg in Resources */,
			);
			runOnlyForDeploymentPostprocessing = 0;
		};
		DAF537841B6CD60C00AE1857 /* Resources */ = {
			isa = PBXResourcesBuildPhase;
			buildActionMask = 2147483647;
			files = (
			);
			runOnlyForDeploymentPostprocessing = 0;
		};
/* End PBXResourcesBuildPhase section */

/* Begin PBXSourcesBuildPhase section */
		DAF537691B6CD60C00AE1857 /* Sources */ = {
			isa = PBXSourcesBuildPhase;
			buildActionMask = 2147483647;
			files = (
				DADE4AD31B8B229C00014412 /* WODMainViewController.m in Sources */,
				DAF537731B6CD60C00AE1857 /* main.m in Sources */,
				DAA205491B7E32AE001F0876 /* WODCustomIOS7AlertView.m in Sources */,
				DA0B10C31B7BA22D0015749E /* WODModel.m in Sources */,
				DAA2053B1B7E3042001F0876 /* WODCustomCell.m in Sources */,
				DAA2057E1B85FD09001F0876 /* WODCustomCollectionViewCell.m in Sources */,
				DAA2057B1B85E9A2001F0876 /* WODPicturesCollectionViewController.m in Sources */,
				DAA2054D1B7E3309001F0876 /* WODTableViewController.m in Sources */,
				DA0B10C01B7BA1D80015749E /* WODDatabase.m in Sources */,
				DAA205481B7E32AE001F0876 /* WODAppDelegate.m in Sources */,
			);
			runOnlyForDeploymentPostprocessing = 0;
		};
		DAF537821B6CD60C00AE1857 /* Sources */ = {
			isa = PBXSourcesBuildPhase;
			buildActionMask = 2147483647;
			files = (
				DAF5378D1B6CD60C00AE1857 /* YalantisFirstTaskTests.m in Sources */,
			);
			runOnlyForDeploymentPostprocessing = 0;
		};
/* End PBXSourcesBuildPhase section */

/* Begin PBXTargetDependency section */
		DAF537881B6CD60C00AE1857 /* PBXTargetDependency */ = {
			isa = PBXTargetDependency;
			target = DAF5376C1B6CD60C00AE1857 /* YalantisFirstTask */;
			targetProxy = DAF537871B6CD60C00AE1857 /* PBXContainerItemProxy */;
		};
/* End PBXTargetDependency section */

/* Begin PBXVariantGroup section */
		DAF5377A1B6CD60C00AE1857 /* Main.storyboard */ = {
			isa = PBXVariantGroup;
			children = (
				DAF5377B1B6CD60C00AE1857 /* Base */,
			);
			name = Main.storyboard;
			path = ..;
			sourceTree = "<group>";
		};
		DAF5377F1B6CD60C00AE1857 /* LaunchScreen.xib */ = {
			isa = PBXVariantGroup;
			children = (
				DAF537801B6CD60C00AE1857 /* Base */,
			);
			name = LaunchScreen.xib;
			path = ..;
			sourceTree = "<group>";
		};
/* End PBXVariantGroup section */

/* Begin XCBuildConfiguration section */
		DAF5378E1B6CD60C00AE1857 /* Debug */ = {
			isa = XCBuildConfiguration;
			buildSettings = {
				ALWAYS_SEARCH_USER_PATHS = NO;
				CLANG_CXX_LANGUAGE_STANDARD = "gnu++0x";
				CLANG_CXX_LIBRARY = "libc++";
				CLANG_ENABLE_MODULES = YES;
				CLANG_ENABLE_OBJC_ARC = YES;
				CLANG_WARN_BOOL_CONVERSION = YES;
				CLANG_WARN_CONSTANT_CONVERSION = YES;
				CLANG_WARN_DIRECT_OBJC_ISA_USAGE = YES_ERROR;
				CLANG_WARN_EMPTY_BODY = YES;
				CLANG_WARN_ENUM_CONVERSION = YES;
				CLANG_WARN_INT_CONVERSION = YES;
				CLANG_WARN_OBJC_ROOT_CLASS = YES_ERROR;
				CLANG_WARN_UNREACHABLE_CODE = YES;
				CLANG_WARN__DUPLICATE_METHOD_MATCH = YES;
				"CODE_SIGN_IDENTITY[sdk=iphoneos*]" = "iPhone Developer";
				COPY_PHASE_STRIP = NO;
				DEBUG_INFORMATION_FORMAT = "dwarf-with-dsym";
				ENABLE_STRICT_OBJC_MSGSEND = YES;
				GCC_C_LANGUAGE_STANDARD = gnu99;
				GCC_DYNAMIC_NO_PIC = NO;
				GCC_NO_COMMON_BLOCKS = YES;
				GCC_OPTIMIZATION_LEVEL = 0;
				GCC_PREPROCESSOR_DEFINITIONS = (
					"DEBUG=1",
					"$(inherited)",
				);
				GCC_SYMBOLS_PRIVATE_EXTERN = NO;
				GCC_WARN_64_TO_32_BIT_CONVERSION = YES;
				GCC_WARN_ABOUT_RETURN_TYPE = YES_ERROR;
				GCC_WARN_UNDECLARED_SELECTOR = YES;
				GCC_WARN_UNINITIALIZED_AUTOS = YES_AGGRESSIVE;
				GCC_WARN_UNUSED_FUNCTION = YES;
				GCC_WARN_UNUSED_VARIABLE = YES;
				IPHONEOS_DEPLOYMENT_TARGET = 8.4;
				MTL_ENABLE_DEBUG_INFO = YES;
				ONLY_ACTIVE_ARCH = YES;
				SDKROOT = iphoneos;
				TARGETED_DEVICE_FAMILY = "1,2";
			};
			name = Debug;
		};
		DAF5378F1B6CD60C00AE1857 /* Release */ = {
			isa = XCBuildConfiguration;
			buildSettings = {
				ALWAYS_SEARCH_USER_PATHS = NO;
				CLANG_CXX_LANGUAGE_STANDARD = "gnu++0x";
				CLANG_CXX_LIBRARY = "libc++";
				CLANG_ENABLE_MODULES = YES;
				CLANG_ENABLE_OBJC_ARC = YES;
				CLANG_WARN_BOOL_CONVERSION = YES;
				CLANG_WARN_CONSTANT_CONVERSION = YES;
				CLANG_WARN_DIRECT_OBJC_ISA_USAGE = YES_ERROR;
				CLANG_WARN_EMPTY_BODY = YES;
				CLANG_WARN_ENUM_CONVERSION = YES;
				CLANG_WARN_INT_CONVERSION = YES;
				CLANG_WARN_OBJC_ROOT_CLASS = YES_ERROR;
				CLANG_WARN_UNREACHABLE_CODE = YES;
				CLANG_WARN__DUPLICATE_METHOD_MATCH = YES;
				"CODE_SIGN_IDENTITY[sdk=iphoneos*]" = "iPhone Developer";
				COPY_PHASE_STRIP = NO;
				DEBUG_INFORMATION_FORMAT = "dwarf-with-dsym";
				ENABLE_NS_ASSERTIONS = NO;
				ENABLE_STRICT_OBJC_MSGSEND = YES;
				GCC_C_LANGUAGE_STANDARD = gnu99;
				GCC_NO_COMMON_BLOCKS = YES;
				GCC_WARN_64_TO_32_BIT_CONVERSION = YES;
				GCC_WARN_ABOUT_RETURN_TYPE = YES_ERROR;
				GCC_WARN_UNDECLARED_SELECTOR = YES;
				GCC_WARN_UNINITIALIZED_AUTOS = YES_AGGRESSIVE;
				GCC_WARN_UNUSED_FUNCTION = YES;
				GCC_WARN_UNUSED_VARIABLE = YES;
				IPHONEOS_DEPLOYMENT_TARGET = 8.4;
				MTL_ENABLE_DEBUG_INFO = NO;
				SDKROOT = iphoneos;
				TARGETED_DEVICE_FAMILY = "1,2";
				VALIDATE_PRODUCT = YES;
			};
			name = Release;
		};
		DAF537911B6CD60C00AE1857 /* Debug */ = {
			isa = XCBuildConfiguration;
			buildSettings = {
				ASSETCATALOG_COMPILER_APPICON_NAME = AppIcon;
				INFOPLIST_FILE = YalantisFirstTask/Info.plist;
				LD_RUNPATH_SEARCH_PATHS = "$(inherited) @executable_path/Frameworks";
				PRODUCT_NAME = "$(TARGET_NAME)";
			};
			name = Debug;
		};
		DAF537921B6CD60C00AE1857 /* Release */ = {
			isa = XCBuildConfiguration;
			buildSettings = {
				ASSETCATALOG_COMPILER_APPICON_NAME = AppIcon;
				INFOPLIST_FILE = YalantisFirstTask/Info.plist;
				LD_RUNPATH_SEARCH_PATHS = "$(inherited) @executable_path/Frameworks";
				PRODUCT_NAME = "$(TARGET_NAME)";
			};
			name = Release;
		};
		DAF537941B6CD60C00AE1857 /* Debug */ = {
			isa = XCBuildConfiguration;
			buildSettings = {
				BUNDLE_LOADER = "$(TEST_HOST)";
				FRAMEWORK_SEARCH_PATHS = (
					"$(SDKROOT)/Developer/Library/Frameworks",
					"$(inherited)",
				);
				GCC_PREPROCESSOR_DEFINITIONS = (
					"DEBUG=1",
					"$(inherited)",
				);
				INFOPLIST_FILE = YalantisFirstTaskTests/Info.plist;
				LD_RUNPATH_SEARCH_PATHS = "$(inherited) @executable_path/Frameworks @loader_path/Frameworks";
				PRODUCT_NAME = "$(TARGET_NAME)";
				TEST_HOST = "$(BUILT_PRODUCTS_DIR)/YalantisFirstTask.app/YalantisFirstTask";
			};
			name = Debug;
		};
		DAF537951B6CD60C00AE1857 /* Release */ = {
			isa = XCBuildConfiguration;
			buildSettings = {
				BUNDLE_LOADER = "$(TEST_HOST)";
				FRAMEWORK_SEARCH_PATHS = (
					"$(SDKROOT)/Developer/Library/Frameworks",
					"$(inherited)",
				);
				INFOPLIST_FILE = YalantisFirstTaskTests/Info.plist;
				LD_RUNPATH_SEARCH_PATHS = "$(inherited) @executable_path/Frameworks @loader_path/Frameworks";
				PRODUCT_NAME = "$(TARGET_NAME)";
				TEST_HOST = "$(BUILT_PRODUCTS_DIR)/YalantisFirstTask.app/YalantisFirstTask";
			};
			name = Release;
		};
/* End XCBuildConfiguration section */

/* Begin XCConfigurationList section */
		DAF537681B6CD60C00AE1857 /* Build configuration list for PBXProject "YalantisFirstTask" */ = {
			isa = XCConfigurationList;
			buildConfigurations = (
				DAF5378E1B6CD60C00AE1857 /* Debug */,
				DAF5378F1B6CD60C00AE1857 /* Release */,
			);
			defaultConfigurationIsVisible = 0;
			defaultConfigurationName = Release;
		};
		DAF537901B6CD60C00AE1857 /* Build configuration list for PBXNativeTarget "YalantisFirstTask" */ = {
			isa = XCConfigurationList;
			buildConfigurations = (
				DAF537911B6CD60C00AE1857 /* Debug */,
				DAF537921B6CD60C00AE1857 /* Release */,
			);
			defaultConfigurationIsVisible = 0;
			defaultConfigurationName = Release;
		};
		DAF537931B6CD60C00AE1857 /* Build configuration list for PBXNativeTarget "YalantisFirstTaskTests" */ = {
			isa = XCConfigurationList;
			buildConfigurations = (
				DAF537941B6CD60C00AE1857 /* Debug */,
				DAF537951B6CD60C00AE1857 /* Release */,
			);
			defaultConfigurationIsVisible = 0;
			defaultConfigurationName = Release;
		};
/* End XCConfigurationList section */
	};
	rootObject = DAF537651B6CD60C00AE1857 /* Project object */;
}
